
Microsoft Visual Studio Solution File, Format Version 12.00
# Visual Studio Version 16
VisualStudioVersion = 16.0.29926.136
MinimumVisualStudioVersion = 10.0.40219.1
Project("{FAE04EC0-301F-11D3-BF4B-00C04F79EFBC}") = "GaeSample", "GaeSample\GaeSample.csproj", "{F366B074-697C-44A9-90A5-EDC4DCE9DDEF}"
EndProject
Global
	GlobalSection(SolutionConfigurationPlatforms) = preSolution
		Debug|Any CPU = Debug|Any CPU
		Release|Any CPU = Release|Any CPU
	EndGlobalSection
	GlobalSection(ProjectConfigurationPlatforms) = postSolution
		{F366B074-697C-44A9-90A5-EDC4DCE9DDEF}.Debug|Any CPU.ActiveCfg = Debug|Any CPU
		{F366B074-697C-44A9-90A5-EDC4DCE9DDEF}.Debug|Any CPU.Build.0 = Debug|Any CPU
		{F366B074-697C-44A9-90A5-EDC4DCE9DDEF}.Release|Any CPU.ActiveCfg = Release|Any CPU
		{F366B074-697C-44A9-90A5-EDC4DCE9DDEF}.Release|Any CPU.Build.0 = Release|Any CPU
	EndGlobalSection
	GlobalSection(SolutionProperties) = preSolution
		HideSolutionNode = FALSE
	EndGlobalSection
	GlobalSection(ExtensibilityGlobals) = postSolution
		SolutionGuid = {34974BBD-1538-40CF-BE55-3330B31DB155}
	EndGlobalSection
EndGlobal
